// !$*UTF8*$!
{
	archiveVersion = 1;
	classes = {
	};
	objectVersion = 55;
	objects = {

/* Begin PBXBuildFile section */
		FF418B5229898CC000828CD3 /* SignInView.swift in Sources */ = {isa = PBXBuildFile; fileRef = FF418B5129898CC000828CD3 /* SignInView.swift */; };
		FF418B5529899AAE00828CD3 /* LogInView.swift in Sources */ = {isa = PBXBuildFile; fileRef = FF418B5429899AAE00828CD3 /* LogInView.swift */; };
		FF418B572989AC9000828CD3 /* Toggle-Checkbox.swift in Sources */ = {isa = PBXBuildFile; fileRef = FF418B562989AC9000828CD3 /* Toggle-Checkbox.swift */; };
		FF418B592989AF3300828CD3 /* CustomTextFieldWithWrapperAround.swift in Sources */ = {isa = PBXBuildFile; fileRef = FF418B582989AF3300828CD3 /* CustomTextFieldWithWrapperAround.swift */; };
		FF418B5E2989B0C800828CD3 /* PrimaryButton.swift in Sources */ = {isa = PBXBuildFile; fileRef = FF418B5D2989B0C800828CD3 /* PrimaryButton.swift */; };
		FF418B612989B17F00828CD3 /* LineBreakerWithText.swift in Sources */ = {isa = PBXBuildFile; fileRef = FF418B602989B17F00828CD3 /* LineBreakerWithText.swift */; };
		FF418B632989B9CD00828CD3 /* SecureTextField.swift in Sources */ = {isa = PBXBuildFile; fileRef = FF418B622989B9CD00828CD3 /* SecureTextField.swift */; };
		FF418B652989C20300828CD3 /* TextField-Secure.swift in Sources */ = {isa = PBXBuildFile; fileRef = FF418B642989C20300828CD3 /* TextField-Secure.swift */; };
		FF463F4A298ABA8F000A6723 /* DatePickerView.swift in Sources */ = {isa = PBXBuildFile; fileRef = FF463F49298ABA8F000A6723 /* DatePickerView.swift */; };
		FF463F4F298AC824000A6723 /* String-PhoneNumber.swift in Sources */ = {isa = PBXBuildFile; fileRef = FF463F4E298AC824000A6723 /* String-PhoneNumber.swift */; };
		FF495576298805A90009B7C4 /* SarqytApp.swift in Sources */ = {isa = PBXBuildFile; fileRef = FF495575298805A90009B7C4 /* SarqytApp.swift */; };
		FF495578298805A90009B7C4 /* ContentView.swift in Sources */ = {isa = PBXBuildFile; fileRef = FF495577298805A90009B7C4 /* ContentView.swift */; };
		FF49557A298805AB0009B7C4 /* Assets.xcassets in Resources */ = {isa = PBXBuildFile; fileRef = FF495579298805AB0009B7C4 /* Assets.xcassets */; };
		FF49557D298805AB0009B7C4 /* Preview Assets.xcassets in Resources */ = {isa = PBXBuildFile; fileRef = FF49557C298805AB0009B7C4 /* Preview Assets.xcassets */; };
		FF4DA7B7298A68E800A3A92A /* RegistrationView.swift in Sources */ = {isa = PBXBuildFile; fileRef = FF4DA7B6298A68E800A3A92A /* RegistrationView.swift */; };
		FFA4AD69298BBAC900F3A950 /* ImagePicker.swift in Sources */ = {isa = PBXBuildFile; fileRef = FFA4AD68298BBAC900F3A950 /* ImagePicker.swift */; };
		FFA4AD6E298BCE8500F3A950 /* ProfileImageView.swift in Sources */ = {isa = PBXBuildFile; fileRef = FFA4AD6D298BCE8500F3A950 /* ProfileImageView.swift */; };
		FFA4AD70298BCEBA00F3A950 /* DropDownGnederPickerView.swift in Sources */ = {isa = PBXBuildFile; fileRef = FFA4AD6F298BCEBA00F3A950 /* DropDownGnederPickerView.swift */; };
		FFA4AD72298BD3B400F3A950 /* TakeImageService.swift in Sources */ = {isa = PBXBuildFile; fileRef = FFA4AD71298BD3B400F3A950 /* TakeImageService.swift */; };
/* End PBXBuildFile section */

/* Begin PBXFileReference section */
		FF418B5129898CC000828CD3 /* SignInView.swift */ = {isa = PBXFileReference; lastKnownFileType = sourcecode.swift; path = SignInView.swift; sourceTree = "<group>"; };
		FF418B5429899AAE00828CD3 /* LogInView.swift */ = {isa = PBXFileReference; lastKnownFileType = sourcecode.swift; path = LogInView.swift; sourceTree = "<group>"; };
		FF418B562989AC9000828CD3 /* Toggle-Checkbox.swift */ = {isa = PBXFileReference; lastKnownFileType = sourcecode.swift; path = "Toggle-Checkbox.swift"; sourceTree = "<group>"; };
		FF418B582989AF3300828CD3 /* CustomTextFieldWithWrapperAround.swift */ = {isa = PBXFileReference; lastKnownFileType = sourcecode.swift; path = CustomTextFieldWithWrapperAround.swift; sourceTree = "<group>"; };
		FF418B5D2989B0C800828CD3 /* PrimaryButton.swift */ = {isa = PBXFileReference; lastKnownFileType = sourcecode.swift; path = PrimaryButton.swift; sourceTree = "<group>"; };
		FF418B602989B17F00828CD3 /* LineBreakerWithText.swift */ = {isa = PBXFileReference; lastKnownFileType = sourcecode.swift; path = LineBreakerWithText.swift; sourceTree = "<group>"; };
		FF418B622989B9CD00828CD3 /* SecureTextField.swift */ = {isa = PBXFileReference; lastKnownFileType = sourcecode.swift; path = SecureTextField.swift; sourceTree = "<group>"; };
		FF418B642989C20300828CD3 /* TextField-Secure.swift */ = {isa = PBXFileReference; lastKnownFileType = sourcecode.swift; path = "TextField-Secure.swift"; sourceTree = "<group>"; };
		FF463F49298ABA8F000A6723 /* DatePickerView.swift */ = {isa = PBXFileReference; lastKnownFileType = sourcecode.swift; path = DatePickerView.swift; sourceTree = "<group>"; };
		FF463F4E298AC824000A6723 /* String-PhoneNumber.swift */ = {isa = PBXFileReference; lastKnownFileType = sourcecode.swift; path = "String-PhoneNumber.swift"; sourceTree = "<group>"; };
		FF495572298805A90009B7C4 /* Sarqyt.app */ = {isa = PBXFileReference; explicitFileType = wrapper.application; includeInIndex = 0; path = Sarqyt.app; sourceTree = BUILT_PRODUCTS_DIR; };
		FF495575298805A90009B7C4 /* SarqytApp.swift */ = {isa = PBXFileReference; lastKnownFileType = sourcecode.swift; path = SarqytApp.swift; sourceTree = "<group>"; };
		FF495577298805A90009B7C4 /* ContentView.swift */ = {isa = PBXFileReference; lastKnownFileType = sourcecode.swift; path = ContentView.swift; sourceTree = "<group>"; };
		FF495579298805AB0009B7C4 /* Assets.xcassets */ = {isa = PBXFileReference; lastKnownFileType = folder.assetcatalog; path = Assets.xcassets; sourceTree = "<group>"; };
		FF49557C298805AB0009B7C4 /* Preview Assets.xcassets */ = {isa = PBXFileReference; lastKnownFileType = folder.assetcatalog; path = "Preview Assets.xcassets"; sourceTree = "<group>"; };
		FF4DA7B6298A68E800A3A92A /* RegistrationView.swift */ = {isa = PBXFileReference; lastKnownFileType = sourcecode.swift; path = RegistrationView.swift; sourceTree = "<group>"; };
		FFA4AD68298BBAC900F3A950 /* ImagePicker.swift */ = {isa = PBXFileReference; lastKnownFileType = sourcecode.swift; path = ImagePicker.swift; sourceTree = "<group>"; };
		FFA4AD6D298BCE8500F3A950 /* ProfileImageView.swift */ = {isa = PBXFileReference; lastKnownFileType = sourcecode.swift; path = ProfileImageView.swift; sourceTree = "<group>"; };
		FFA4AD6F298BCEBA00F3A950 /* DropDownGnederPickerView.swift */ = {isa = PBXFileReference; lastKnownFileType = sourcecode.swift; path = DropDownGnederPickerView.swift; sourceTree = "<group>"; };
		FFA4AD71298BD3B400F3A950 /* TakeImageService.swift */ = {isa = PBXFileReference; lastKnownFileType = sourcecode.swift; path = TakeImageService.swift; sourceTree = "<group>"; };
/* End PBXFileReference section */

/* Begin PBXFrameworksBuildPhase section */
		FF49556F298805A90009B7C4 /* Frameworks */ = {
			isa = PBXFrameworksBuildPhase;
			buildActionMask = 2147483647;
			files = (
			);
			runOnlyForDeploymentPostprocessing = 0;
		};
/* End PBXFrameworksBuildPhase section */

/* Begin PBXGroup section */
		FF418B53298998D400828CD3 /* Registration View */ = {
			isa = PBXGroup;
			children = (
				FF418B5429899AAE00828CD3 /* LogInView.swift */,
				FF418B5129898CC000828CD3 /* SignInView.swift */,
			);
			path = "Registration View";
			sourceTree = "<group>";
		};
		FF418B5A2989AFDC00828CD3 /* Extension */ = {
			isa = PBXGroup;
			children = (
				FF418B562989AC9000828CD3 /* Toggle-Checkbox.swift */,
				FF418B582989AF3300828CD3 /* CustomTextFieldWithWrapperAround.swift */,
				FF418B642989C20300828CD3 /* TextField-Secure.swift */,
				FF463F4E298AC824000A6723 /* String-PhoneNumber.swift */,
			);
			path = Extension;
			sourceTree = "<group>";
		};
		FF418B5F2989B11F00828CD3 /* Custom View */ = {
			isa = PBXGroup;
			children = (
				FF418B5D2989B0C800828CD3 /* PrimaryButton.swift */,
				FF418B602989B17F00828CD3 /* LineBreakerWithText.swift */,
				FF418B622989B9CD00828CD3 /* SecureTextField.swift */,
			);
			path = "Custom View";
			sourceTree = "<group>";
		};
		FF495569298805A90009B7C4 = {
			isa = PBXGroup;
			children = (
				FF495574298805A90009B7C4 /* Sarqyt */,
				FF495573298805A90009B7C4 /* Products */,
			);
			sourceTree = "<group>";
		};
		FF495573298805A90009B7C4 /* Products */ = {
			isa = PBXGroup;
			children = (
				FF495572298805A90009B7C4 /* Sarqyt.app */,
			);
			name = Products;
			sourceTree = "<group>";
		};
		FF495574298805A90009B7C4 /* Sarqyt */ = {
			isa = PBXGroup;
			children = (
				FF495575298805A90009B7C4 /* SarqytApp.swift */,
				FF495577298805A90009B7C4 /* ContentView.swift */,
				FFA4AD6A298BCE0800F3A950 /* RegistrationModule */,
				FFA4AD67298BBA7500F3A950 /* PhotoService */,
				FF418B5A2989AFDC00828CD3 /* Extension */,
				FF418B5F2989B11F00828CD3 /* Custom View */,
				FF418B53298998D400828CD3 /* Registration View */,
				FF495579298805AB0009B7C4 /* Assets.xcassets */,
				FF49557B298805AB0009B7C4 /* Preview Content */,
			);
			path = Sarqyt;
			sourceTree = "<group>";
		};
		FF49557B298805AB0009B7C4 /* Preview Content */ = {
			isa = PBXGroup;
			children = (
				FF49557C298805AB0009B7C4 /* Preview Assets.xcassets */,
			);
			path = "Preview Content";
			sourceTree = "<group>";
		};
		FFA4AD67298BBA7500F3A950 /* PhotoService */ = {
			isa = PBXGroup;
			children = (
				FFA4AD68298BBAC900F3A950 /* ImagePicker.swift */,
				FFA4AD71298BD3B400F3A950 /* TakeImageService.swift */,
			);
			path = PhotoService;
			sourceTree = "<group>";
		};
		FFA4AD6A298BCE0800F3A950 /* RegistrationModule */ = {
			isa = PBXGroup;
			children = (
				FFA4AD6C298BCE3200F3A950 /* CustomView */,
				FFA4AD6B298BCE2500F3A950 /* RegistrationView */,
			);
			path = RegistrationModule;
			sourceTree = "<group>";
		};
		FFA4AD6B298BCE2500F3A950 /* RegistrationView */ = {
			isa = PBXGroup;
			children = (
				FF4DA7B6298A68E800A3A92A /* RegistrationView.swift */,
			);
			path = RegistrationView;
			sourceTree = "<group>";
		};
		FFA4AD6C298BCE3200F3A950 /* CustomView */ = {
			isa = PBXGroup;
			children = (
				FF463F49298ABA8F000A6723 /* DatePickerView.swift */,
				FFA4AD6D298BCE8500F3A950 /* ProfileImageView.swift */,
				FFA4AD6F298BCEBA00F3A950 /* DropDownGnederPickerView.swift */,
			);
			path = CustomView;
			sourceTree = "<group>";
		};
/* End PBXGroup section */

/* Begin PBXNativeTarget section */
		FF495571298805A90009B7C4 /* Sarqyt */ = {
			isa = PBXNativeTarget;
			buildConfigurationList = FF495580298805AB0009B7C4 /* Build configuration list for PBXNativeTarget "Sarqyt" */;
			buildPhases = (
				FF49556E298805A90009B7C4 /* Sources */,
				FF49556F298805A90009B7C4 /* Frameworks */,
				FF495570298805A90009B7C4 /* Resources */,
			);
			buildRules = (
			);
			dependencies = (
			);
			name = Sarqyt;
			packageProductDependencies = (
			);
			productName = Sarqyt;
			productReference = FF495572298805A90009B7C4 /* Sarqyt.app */;
			productType = "com.apple.product-type.application";
		};
/* End PBXNativeTarget section */

/* Begin PBXProject section */
		FF49556A298805A90009B7C4 /* Project object */ = {
			isa = PBXProject;
			attributes = {
				BuildIndependentTargetsInParallel = 1;
				LastSwiftUpdateCheck = 1340;
				LastUpgradeCheck = 1340;
				TargetAttributes = {
					FF495571298805A90009B7C4 = {
						CreatedOnToolsVersion = 13.4.1;
					};
				};
			};
			buildConfigurationList = FF49556D298805A90009B7C4 /* Build configuration list for PBXProject "Sarqyt" */;
			compatibilityVersion = "Xcode 13.0";
			developmentRegion = en;
			hasScannedForEncodings = 0;
			knownRegions = (
				en,
				Base,
			);
			mainGroup = FF495569298805A90009B7C4;
			packageReferences = (
			);
			productRefGroup = FF495573298805A90009B7C4 /* Products */;
			projectDirPath = "";
			projectRoot = "";
			targets = (
				FF495571298805A90009B7C4 /* Sarqyt */,
			);
		};
/* End PBXProject section */

/* Begin PBXResourcesBuildPhase section */
		FF495570298805A90009B7C4 /* Resources */ = {
			isa = PBXResourcesBuildPhase;
			buildActionMask = 2147483647;
			files = (
				FF49557D298805AB0009B7C4 /* Preview Assets.xcassets in Resources */,
				FF49557A298805AB0009B7C4 /* Assets.xcassets in Resources */,
			);
			runOnlyForDeploymentPostprocessing = 0;
		};
/* End PBXResourcesBuildPhase section */

/* Begin PBXSourcesBuildPhase section */
		FF49556E298805A90009B7C4 /* Sources */ = {
			isa = PBXSourcesBuildPhase;
			buildActionMask = 2147483647;
			files = (
				FF4DA7B7298A68E800A3A92A /* RegistrationView.swift in Sources */,
				FF418B5229898CC000828CD3 /* SignInView.swift in Sources */,
				FF418B612989B17F00828CD3 /* LineBreakerWithText.swift in Sources */,
				FFA4AD72298BD3B400F3A950 /* TakeImageService.swift in Sources */,
				FFA4AD69298BBAC900F3A950 /* ImagePicker.swift in Sources */,
				FFA4AD70298BCEBA00F3A950 /* DropDownGnederPickerView.swift in Sources */,
				FF495578298805A90009B7C4 /* ContentView.swift in Sources */,
				FF418B632989B9CD00828CD3 /* SecureTextField.swift in Sources */,
				FF463F4F298AC824000A6723 /* String-PhoneNumber.swift in Sources */,
				FF418B572989AC9000828CD3 /* Toggle-Checkbox.swift in Sources */,
				FF463F4A298ABA8F000A6723 /* DatePickerView.swift in Sources */,
				FF418B592989AF3300828CD3 /* CustomTextFieldWithWrapperAround.swift in Sources */,
				FF418B652989C20300828CD3 /* TextField-Secure.swift in Sources */,
				FF418B5E2989B0C800828CD3 /* PrimaryButton.swift in Sources */,
				FFA4AD6E298BCE8500F3A950 /* ProfileImageView.swift in Sources */,
				FF418B5529899AAE00828CD3 /* LogInView.swift in Sources */,
				FF495576298805A90009B7C4 /* SarqytApp.swift in Sources */,
			);
			runOnlyForDeploymentPostprocessing = 0;
		};
/* End PBXSourcesBuildPhase section */

/* Begin XCBuildConfiguration section */
		FF49557E298805AB0009B7C4 /* Debug */ = {
			isa = XCBuildConfiguration;
			buildSettings = {
				ALWAYS_SEARCH_USER_PATHS = NO;
				CLANG_ANALYZER_NONNULL = YES;
				CLANG_ANALYZER_NUMBER_OBJECT_CONVERSION = YES_AGGRESSIVE;
				CLANG_CXX_LANGUAGE_STANDARD = "gnu++17";
				CLANG_ENABLE_MODULES = YES;
				CLANG_ENABLE_OBJC_ARC = YES;
				CLANG_ENABLE_OBJC_WEAK = YES;
				CLANG_WARN_BLOCK_CAPTURE_AUTORELEASING = YES;
				CLANG_WARN_BOOL_CONVERSION = YES;
				CLANG_WARN_COMMA = YES;
				CLANG_WARN_CONSTANT_CONVERSION = YES;
				CLANG_WARN_DEPRECATED_OBJC_IMPLEMENTATIONS = YES;
				CLANG_WARN_DIRECT_OBJC_ISA_USAGE = YES_ERROR;
				CLANG_WARN_DOCUMENTATION_COMMENTS = YES;
				CLANG_WARN_EMPTY_BODY = YES;
				CLANG_WARN_ENUM_CONVERSION = YES;
				CLANG_WARN_INFINITE_RECURSION = YES;
				CLANG_WARN_INT_CONVERSION = YES;
				CLANG_WARN_NON_LITERAL_NULL_CONVERSION = YES;
				CLANG_WARN_OBJC_IMPLICIT_RETAIN_SELF = YES;
				CLANG_WARN_OBJC_LITERAL_CONVERSION = YES;
				CLANG_WARN_OBJC_ROOT_CLASS = YES_ERROR;
				CLANG_WARN_QUOTED_INCLUDE_IN_FRAMEWORK_HEADER = YES;
				CLANG_WARN_RANGE_LOOP_ANALYSIS = YES;
				CLANG_WARN_STRICT_PROTOTYPES = YES;
				CLANG_WARN_SUSPICIOUS_MOVE = YES;
				CLANG_WARN_UNGUARDED_AVAILABILITY = YES_AGGRESSIVE;
				CLANG_WARN_UNREACHABLE_CODE = YES;
				CLANG_WARN__DUPLICATE_METHOD_MATCH = YES;
				COPY_PHASE_STRIP = NO;
				DEBUG_INFORMATION_FORMAT = dwarf;
				ENABLE_STRICT_OBJC_MSGSEND = YES;
				ENABLE_TESTABILITY = YES;
				GCC_C_LANGUAGE_STANDARD = gnu11;
				GCC_DYNAMIC_NO_PIC = NO;
				GCC_NO_COMMON_BLOCKS = YES;
				GCC_OPTIMIZATION_LEVEL = 0;
				GCC_PREPROCESSOR_DEFINITIONS = (
					"DEBUG=1",
					"$(inherited)",
				);
				GCC_WARN_64_TO_32_BIT_CONVERSION = YES;
				GCC_WARN_ABOUT_RETURN_TYPE = YES_ERROR;
				GCC_WARN_UNDECLARED_SELECTOR = YES;
				GCC_WARN_UNINITIALIZED_AUTOS = YES_AGGRESSIVE;
				GCC_WARN_UNUSED_FUNCTION = YES;
				GCC_WARN_UNUSED_VARIABLE = YES;
				IPHONEOS_DEPLOYMENT_TARGET = 15.5;
				MTL_ENABLE_DEBUG_INFO = INCLUDE_SOURCE;
				MTL_FAST_MATH = YES;
				ONLY_ACTIVE_ARCH = YES;
				SDKROOT = iphoneos;
				SWIFT_ACTIVE_COMPILATION_CONDITIONS = DEBUG;
				SWIFT_OPTIMIZATION_LEVEL = "-Onone";
			};
			name = Debug;
		};
		FF49557F298805AB0009B7C4 /* Release */ = {
			isa = XCBuildConfiguration;
			buildSettings = {
				ALWAYS_SEARCH_USER_PATHS = NO;
				CLANG_ANALYZER_NONNULL = YES;
				CLANG_ANALYZER_NUMBER_OBJECT_CONVERSION = YES_AGGRESSIVE;
				CLANG_CXX_LANGUAGE_STANDARD = "gnu++17";
				CLANG_ENABLE_MODULES = YES;
				CLANG_ENABLE_OBJC_ARC = YES;
				CLANG_ENABLE_OBJC_WEAK = YES;
				CLANG_WARN_BLOCK_CAPTURE_AUTORELEASING = YES;
				CLANG_WARN_BOOL_CONVERSION = YES;
				CLANG_WARN_COMMA = YES;
				CLANG_WARN_CONSTANT_CONVERSION = YES;
				CLANG_WARN_DEPRECATED_OBJC_IMPLEMENTATIONS = YES;
				CLANG_WARN_DIRECT_OBJC_ISA_USAGE = YES_ERROR;
				CLANG_WARN_DOCUMENTATION_COMMENTS = YES;
				CLANG_WARN_EMPTY_BODY = YES;
				CLANG_WARN_ENUM_CONVERSION = YES;
				CLANG_WARN_INFINITE_RECURSION = YES;
				CLANG_WARN_INT_CONVERSION = YES;
				CLANG_WARN_NON_LITERAL_NULL_CONVERSION = YES;
				CLANG_WARN_OBJC_IMPLICIT_RETAIN_SELF = YES;
				CLANG_WARN_OBJC_LITERAL_CONVERSION = YES;
				CLANG_WARN_OBJC_ROOT_CLASS = YES_ERROR;
				CLANG_WARN_QUOTED_INCLUDE_IN_FRAMEWORK_HEADER = YES;
				CLANG_WARN_RANGE_LOOP_ANALYSIS = YES;
				CLANG_WARN_STRICT_PROTOTYPES = YES;
				CLANG_WARN_SUSPICIOUS_MOVE = YES;
				CLANG_WARN_UNGUARDED_AVAILABILITY = YES_AGGRESSIVE;
				CLANG_WARN_UNREACHABLE_CODE = YES;
				CLANG_WARN__DUPLICATE_METHOD_MATCH = YES;
				COPY_PHASE_STRIP = NO;
				DEBUG_INFORMATION_FORMAT = "dwarf-with-dsym";
				ENABLE_NS_ASSERTIONS = NO;
				ENABLE_STRICT_OBJC_MSGSEND = YES;
				GCC_C_LANGUAGE_STANDARD = gnu11;
				GCC_NO_COMMON_BLOCKS = YES;
				GCC_WARN_64_TO_32_BIT_CONVERSION = YES;
				GCC_WARN_ABOUT_RETURN_TYPE = YES_ERROR;
				GCC_WARN_UNDECLARED_SELECTOR = YES;
				GCC_WARN_UNINITIALIZED_AUTOS = YES_AGGRESSIVE;
				GCC_WARN_UNUSED_FUNCTION = YES;
				GCC_WARN_UNUSED_VARIABLE = YES;
				IPHONEOS_DEPLOYMENT_TARGET = 15.5;
				MTL_ENABLE_DEBUG_INFO = NO;
				MTL_FAST_MATH = YES;
				SDKROOT = iphoneos;
				SWIFT_COMPILATION_MODE = wholemodule;
				SWIFT_OPTIMIZATION_LEVEL = "-O";
				VALIDATE_PRODUCT = YES;
			};
			name = Release;
		};
		FF495581298805AB0009B7C4 /* Debug */ = {
			isa = XCBuildConfiguration;
			buildSettings = {
				ASSETCATALOG_COMPILER_APPICON_NAME = AppIcon;
				ASSETCATALOG_COMPILER_GLOBAL_ACCENT_COLOR_NAME = AccentColor;
				CODE_SIGN_STYLE = Automatic;
				CURRENT_PROJECT_VERSION = 1;
				DEVELOPMENT_ASSET_PATHS = "\"Sarqyt/Preview Content\"";
				DEVELOPMENT_TEAM = 3RYA52PLG7;
				ENABLE_PREVIEWS = YES;
				GENERATE_INFOPLIST_FILE = YES;
				INFOPLIST_KEY_NSCameraUsageDescription = "Sarqyt needs access to your camera to take a profile picture.";
				INFOPLIST_KEY_NSPhotoLibraryUsageDescription = "Sarqyt needs access to your photo library to choose a profile picture.";
				INFOPLIST_KEY_UIApplicationSceneManifest_Generation = YES;
				INFOPLIST_KEY_UIApplicationSupportsIndirectInputEvents = YES;
				INFOPLIST_KEY_UILaunchScreen_Generation = YES;
				INFOPLIST_KEY_UISupportedInterfaceOrientations_iPad = "UIInterfaceOrientationPortrait UIInterfaceOrientationPortraitUpsideDown UIInterfaceOrientationLandscapeLeft UIInterfaceOrientationLandscapeRight";
				INFOPLIST_KEY_UISupportedInterfaceOrientations_iPhone = "UIInterfaceOrientationPortrait UIInterfaceOrientationLandscapeLeft UIInterfaceOrientationLandscapeRight";
				LD_RUNPATH_SEARCH_PATHS = (
					"$(inherited)",
					"@executable_path/Frameworks",
				);
				MARKETING_VERSION = 1.0;
				PRODUCT_BUNDLE_IDENTIFIER = com.benyam.Sarqyt;
				PRODUCT_NAME = "$(TARGET_NAME)";
				SWIFT_EMIT_LOC_STRINGS = YES;
				SWIFT_VERSION = 5.0;
				TARGETED_DEVICE_FAMILY = "1,2";
			};
			name = Debug;
		};
		FF495582298805AB0009B7C4 /* Release */ = {
			isa = XCBuildConfiguration;
			buildSettings = {
				ASSETCATALOG_COMPILER_APPICON_NAME = AppIcon;
				ASSETCATALOG_COMPILER_GLOBAL_ACCENT_COLOR_NAME = AccentColor;
				CODE_SIGN_STYLE = Automatic;
				CURRENT_PROJECT_VERSION = 1;
				DEVELOPMENT_ASSET_PATHS = "\"Sarqyt/Preview Content\"";
				DEVELOPMENT_TEAM = 3RYA52PLG7;
				ENABLE_PREVIEWS = YES;
				GENERATE_INFOPLIST_FILE = YES;
				INFOPLIST_KEY_NSCameraUsageDescription = "Sarqyt needs access to your camera to take a profile picture.";
				INFOPLIST_KEY_NSPhotoLibraryUsageDescription = "Sarqyt needs access to your photo library to choose a profile picture.";
				INFOPLIST_KEY_UIApplicationSceneManifest_Generation = YES;
				INFOPLIST_KEY_UIApplicationSupportsIndirectInputEvents = YES;
				INFOPLIST_KEY_UILaunchScreen_Generation = YES;
				INFOPLIST_KEY_UISupportedInterfaceOrientations_iPad = "UIInterfaceOrientationPortrait UIInterfaceOrientationPortraitUpsideDown UIInterfaceOrientationLandscapeLeft UIInterfaceOrientationLandscapeRight";
				INFOPLIST_KEY_UISupportedInterfaceOrientations_iPhone = "UIInterfaceOrientationPortrait UIInterfaceOrientationLandscapeLeft UIInterfaceOrientationLandscapeRight";
				LD_RUNPATH_SEARCH_PATHS = (
					"$(inherited)",
					"@executable_path/Frameworks",
				);
				MARKETING_VERSION = 1.0;
				PRODUCT_BUNDLE_IDENTIFIER = com.benyam.Sarqyt;
				PRODUCT_NAME = "$(TARGET_NAME)";
				SWIFT_EMIT_LOC_STRINGS = YES;
				SWIFT_VERSION = 5.0;
				TARGETED_DEVICE_FAMILY = "1,2";
			};
			name = Release;
		};
/* End XCBuildConfiguration section */

/* Begin XCConfigurationList section */
		FF49556D298805A90009B7C4 /* Build configuration list for PBXProject "Sarqyt" */ = {
			isa = XCConfigurationList;
			buildConfigurations = (
				FF49557E298805AB0009B7C4 /* Debug */,
				FF49557F298805AB0009B7C4 /* Release */,
			);
			defaultConfigurationIsVisible = 0;
			defaultConfigurationName = Release;
		};
		FF495580298805AB0009B7C4 /* Build configuration list for PBXNativeTarget "Sarqyt" */ = {
			isa = XCConfigurationList;
			buildConfigurations = (
				FF495581298805AB0009B7C4 /* Debug */,
				FF495582298805AB0009B7C4 /* Release */,
			);
			defaultConfigurationIsVisible = 0;
			defaultConfigurationName = Release;
		};
/* End XCConfigurationList section */
	};
	rootObject = FF49556A298805A90009B7C4 /* Project object */;
}
