// !$*UTF8*$!
{
	archiveVersion = 1;
	classes = {
	};
	objectVersion = 55;
	objects = {

/* Begin PBXBuildFile section */
		FF3D667E2992284B00FB35C1 /* SearchTextField.swift in Sources */ = {isa = PBXBuildFile; fileRef = FF3D667D2992284B00FB35C1 /* SearchTextField.swift */; };
		FF3D66822992298500FB35C1 /* CategoryCollectionView.swift in Sources */ = {isa = PBXBuildFile; fileRef = FF3D66812992298500FB35C1 /* CategoryCollectionView.swift */; };
		FF3D6685299239C300FB35C1 /* SearchResultsView.swift in Sources */ = {isa = PBXBuildFile; fileRef = FF3D6684299239C300FB35C1 /* SearchResultsView.swift */; };
		FF3F4F37298E282A00FD56A1 /* HomeView.swift in Sources */ = {isa = PBXBuildFile; fileRef = FF3F4F36298E282A00FD56A1 /* HomeView.swift */; };
		FF3F4F3A298E28AD00FD56A1 /* MainView.swift in Sources */ = {isa = PBXBuildFile; fileRef = FF3F4F39298E28AD00FD56A1 /* MainView.swift */; };
		FF3F4F3F298E293100FD56A1 /* ProfileView.swift in Sources */ = {isa = PBXBuildFile; fileRef = FF3F4F3E298E293100FD56A1 /* ProfileView.swift */; };
		FF3F4F41298E294F00FD56A1 /* SearchView.swift in Sources */ = {isa = PBXBuildFile; fileRef = FF3F4F40298E294F00FD56A1 /* SearchView.swift */; };
		FF3F4F43298E295900FD56A1 /* BookingView.swift in Sources */ = {isa = PBXBuildFile; fileRef = FF3F4F42298E295900FD56A1 /* BookingView.swift */; };
		FF418B5229898CC000828CD3 /* SignInView.swift in Sources */ = {isa = PBXBuildFile; fileRef = FF418B5129898CC000828CD3 /* SignInView.swift */; };
		FF418B5529899AAE00828CD3 /* LogInView.swift in Sources */ = {isa = PBXBuildFile; fileRef = FF418B5429899AAE00828CD3 /* LogInView.swift */; };
		FF418B572989AC9000828CD3 /* Toggle-Checkbox.swift in Sources */ = {isa = PBXBuildFile; fileRef = FF418B562989AC9000828CD3 /* Toggle-Checkbox.swift */; };
		FF418B592989AF3300828CD3 /* CustomTextFieldWithWrapperAround.swift in Sources */ = {isa = PBXBuildFile; fileRef = FF418B582989AF3300828CD3 /* CustomTextFieldWithWrapperAround.swift */; };
		FF418B5E2989B0C800828CD3 /* PrimaryButton.swift in Sources */ = {isa = PBXBuildFile; fileRef = FF418B5D2989B0C800828CD3 /* PrimaryButton.swift */; };
		FF418B612989B17F00828CD3 /* LineBreakerWithText.swift in Sources */ = {isa = PBXBuildFile; fileRef = FF418B602989B17F00828CD3 /* LineBreakerWithText.swift */; };
		FF418B632989B9CD00828CD3 /* SecurePassword.swift in Sources */ = {isa = PBXBuildFile; fileRef = FF418B622989B9CD00828CD3 /* SecurePassword.swift */; };
		FF418B652989C20300828CD3 /* TextField-Secure.swift in Sources */ = {isa = PBXBuildFile; fileRef = FF418B642989C20300828CD3 /* TextField-Secure.swift */; };
		FF43C472298CE8DC00FCCC8C /* ForgotPasswordCodeVerificationView.swift in Sources */ = {isa = PBXBuildFile; fileRef = FF43C471298CE8DC00FCCC8C /* ForgotPasswordCodeVerificationView.swift */; };
		FF43C474298D1A2400FCCC8C /* ChangePasswordView.swift in Sources */ = {isa = PBXBuildFile; fileRef = FF43C473298D1A2400FCCC8C /* ChangePasswordView.swift */; };
		FF463F4A298ABA8F000A6723 /* DatePickerView.swift in Sources */ = {isa = PBXBuildFile; fileRef = FF463F49298ABA8F000A6723 /* DatePickerView.swift */; };
		FF463F4F298AC824000A6723 /* String-PhoneNumber.swift in Sources */ = {isa = PBXBuildFile; fileRef = FF463F4E298AC824000A6723 /* String-PhoneNumber.swift */; };
		FF495576298805A90009B7C4 /* SarqytApp.swift in Sources */ = {isa = PBXBuildFile; fileRef = FF495575298805A90009B7C4 /* SarqytApp.swift */; };
		FF495578298805A90009B7C4 /* ContentView.swift in Sources */ = {isa = PBXBuildFile; fileRef = FF495577298805A90009B7C4 /* ContentView.swift */; };
		FF49557A298805AB0009B7C4 /* Assets.xcassets in Resources */ = {isa = PBXBuildFile; fileRef = FF495579298805AB0009B7C4 /* Assets.xcassets */; };
		FF49557D298805AB0009B7C4 /* Preview Assets.xcassets in Resources */ = {isa = PBXBuildFile; fileRef = FF49557C298805AB0009B7C4 /* Preview Assets.xcassets */; };
		FF4DA7B7298A68E800A3A92A /* RegistrationView.swift in Sources */ = {isa = PBXBuildFile; fileRef = FF4DA7B6298A68E800A3A92A /* RegistrationView.swift */; };
		FF5FE97C2990E01100CD6DF2 /* AlignmentGuide+Center.swift in Sources */ = {isa = PBXBuildFile; fileRef = FF5FE97B2990E01100CD6DF2 /* AlignmentGuide+Center.swift */; };
		FF5FE97E2990E44F00CD6DF2 /* RestaurantCardInListModeView.swift in Sources */ = {isa = PBXBuildFile; fileRef = FF5FE97D2990E44F00CD6DF2 /* RestaurantCardInListModeView.swift */; };
		FF5FE9812990E4CB00CD6DF2 /* RecentlyBookedView.swift in Sources */ = {isa = PBXBuildFile; fileRef = FF5FE9802990E4CB00CD6DF2 /* RecentlyBookedView.swift */; };
		FF5FE9832991029800CD6DF2 /* RestaurantCardInGridModeView.swift in Sources */ = {isa = PBXBuildFile; fileRef = FF5FE9822991029800CD6DF2 /* RestaurantCardInGridModeView.swift */; };
		FF5FE9882991073900CD6DF2 /* ListOrGridMode.swift in Sources */ = {isa = PBXBuildFile; fileRef = FF5FE9872991073900CD6DF2 /* ListOrGridMode.swift */; };
		FF5FE98B29910B4000CD6DF2 /* RemoveFromBookmarkView.swift in Sources */ = {isa = PBXBuildFile; fileRef = FF5FE98A29910B4000CD6DF2 /* RemoveFromBookmarkView.swift */; };
		FF5FE98D2991184200CD6DF2 /* Color+Hex.swift in Sources */ = {isa = PBXBuildFile; fileRef = FF5FE98C2991184200CD6DF2 /* Color+Hex.swift */; };
		FF5FE98F29912B9B00CD6DF2 /* Notification+Bookmark.swift in Sources */ = {isa = PBXBuildFile; fileRef = FF5FE98E29912B9B00CD6DF2 /* Notification+Bookmark.swift */; };
		FFA4AD69298BBAC900F3A950 /* ImagePicker.swift in Sources */ = {isa = PBXBuildFile; fileRef = FFA4AD68298BBAC900F3A950 /* ImagePicker.swift */; };
		FFA4AD6E298BCE8500F3A950 /* ProfileImageView.swift in Sources */ = {isa = PBXBuildFile; fileRef = FFA4AD6D298BCE8500F3A950 /* ProfileImageView.swift */; };
		FFA4AD70298BCEBA00F3A950 /* DropDownGnederPickerView.swift in Sources */ = {isa = PBXBuildFile; fileRef = FFA4AD6F298BCEBA00F3A950 /* DropDownGnederPickerView.swift */; };
		FFA4AD72298BD3B400F3A950 /* TakeImageService.swift in Sources */ = {isa = PBXBuildFile; fileRef = FFA4AD71298BD3B400F3A950 /* TakeImageService.swift */; };
		FFA4AD77298BE4AC00F3A950 /* SignUpView.swift in Sources */ = {isa = PBXBuildFile; fileRef = FFA4AD76298BE4AC00F3A950 /* SignUpView.swift */; };
		FFA4AD7A298BE5B800F3A950 /* CardLogoView.swift in Sources */ = {isa = PBXBuildFile; fileRef = FFA4AD79298BE5B800F3A950 /* CardLogoView.swift */; };
		FFA4AD7D298BF4C600F3A950 /* ConfirmationPasswordField.swift in Sources */ = {isa = PBXBuildFile; fileRef = FFA4AD7C298BF4C600F3A950 /* ConfirmationPasswordField.swift */; };
		FFA4AD80298BF51500F3A950 /* RegistrationField.swift in Sources */ = {isa = PBXBuildFile; fileRef = FFA4AD7F298BF51500F3A950 /* RegistrationField.swift */; };
		FFA4AD83298C0A2E00F3A950 /* ForgotPasswordMainView.swift in Sources */ = {isa = PBXBuildFile; fileRef = FFA4AD82298C0A2E00F3A950 /* ForgotPasswordMainView.swift */; };
/* End PBXBuildFile section */

/* Begin PBXFileReference section */
		FF3D667D2992284B00FB35C1 /* SearchTextField.swift */ = {isa = PBXFileReference; lastKnownFileType = sourcecode.swift; path = SearchTextField.swift; sourceTree = "<group>"; };
		FF3D66812992298500FB35C1 /* CategoryCollectionView.swift */ = {isa = PBXFileReference; lastKnownFileType = sourcecode.swift; path = CategoryCollectionView.swift; sourceTree = "<group>"; };
		FF3D6684299239C300FB35C1 /* SearchResultsView.swift */ = {isa = PBXFileReference; lastKnownFileType = sourcecode.swift; path = SearchResultsView.swift; sourceTree = "<group>"; };
		FF3F4F36298E282A00FD56A1 /* HomeView.swift */ = {isa = PBXFileReference; lastKnownFileType = sourcecode.swift; path = HomeView.swift; sourceTree = "<group>"; };
		FF3F4F39298E28AD00FD56A1 /* MainView.swift */ = {isa = PBXFileReference; lastKnownFileType = sourcecode.swift; path = MainView.swift; sourceTree = "<group>"; };
		FF3F4F3E298E293100FD56A1 /* ProfileView.swift */ = {isa = PBXFileReference; lastKnownFileType = sourcecode.swift; path = ProfileView.swift; sourceTree = "<group>"; };
		FF3F4F40298E294F00FD56A1 /* SearchView.swift */ = {isa = PBXFileReference; lastKnownFileType = sourcecode.swift; path = SearchView.swift; sourceTree = "<group>"; };
		FF3F4F42298E295900FD56A1 /* BookingView.swift */ = {isa = PBXFileReference; lastKnownFileType = sourcecode.swift; path = BookingView.swift; sourceTree = "<group>"; };
		FF418B5129898CC000828CD3 /* SignInView.swift */ = {isa = PBXFileReference; lastKnownFileType = sourcecode.swift; path = SignInView.swift; sourceTree = "<group>"; };
		FF418B5429899AAE00828CD3 /* LogInView.swift */ = {isa = PBXFileReference; lastKnownFileType = sourcecode.swift; path = LogInView.swift; sourceTree = "<group>"; };
		FF418B562989AC9000828CD3 /* Toggle-Checkbox.swift */ = {isa = PBXFileReference; lastKnownFileType = sourcecode.swift; path = "Toggle-Checkbox.swift"; sourceTree = "<group>"; };
		FF418B582989AF3300828CD3 /* CustomTextFieldWithWrapperAround.swift */ = {isa = PBXFileReference; lastKnownFileType = sourcecode.swift; path = CustomTextFieldWithWrapperAround.swift; sourceTree = "<group>"; };
		FF418B5D2989B0C800828CD3 /* PrimaryButton.swift */ = {isa = PBXFileReference; lastKnownFileType = sourcecode.swift; path = PrimaryButton.swift; sourceTree = "<group>"; };
		FF418B602989B17F00828CD3 /* LineBreakerWithText.swift */ = {isa = PBXFileReference; lastKnownFileType = sourcecode.swift; path = LineBreakerWithText.swift; sourceTree = "<group>"; };
		FF418B622989B9CD00828CD3 /* SecurePassword.swift */ = {isa = PBXFileReference; lastKnownFileType = sourcecode.swift; path = SecurePassword.swift; sourceTree = "<group>"; };
		FF418B642989C20300828CD3 /* TextField-Secure.swift */ = {isa = PBXFileReference; lastKnownFileType = sourcecode.swift; path = "TextField-Secure.swift"; sourceTree = "<group>"; };
		FF43C471298CE8DC00FCCC8C /* ForgotPasswordCodeVerificationView.swift */ = {isa = PBXFileReference; lastKnownFileType = sourcecode.swift; path = ForgotPasswordCodeVerificationView.swift; sourceTree = "<group>"; };
		FF43C473298D1A2400FCCC8C /* ChangePasswordView.swift */ = {isa = PBXFileReference; lastKnownFileType = sourcecode.swift; path = ChangePasswordView.swift; sourceTree = "<group>"; };
		FF463F49298ABA8F000A6723 /* DatePickerView.swift */ = {isa = PBXFileReference; lastKnownFileType = sourcecode.swift; path = DatePickerView.swift; sourceTree = "<group>"; };
		FF463F4E298AC824000A6723 /* String-PhoneNumber.swift */ = {isa = PBXFileReference; lastKnownFileType = sourcecode.swift; path = "String-PhoneNumber.swift"; sourceTree = "<group>"; };
		FF495572298805A90009B7C4 /* Sarqyt.app */ = {isa = PBXFileReference; explicitFileType = wrapper.application; includeInIndex = 0; path = Sarqyt.app; sourceTree = BUILT_PRODUCTS_DIR; };
		FF495575298805A90009B7C4 /* SarqytApp.swift */ = {isa = PBXFileReference; lastKnownFileType = sourcecode.swift; path = SarqytApp.swift; sourceTree = "<group>"; };
		FF495577298805A90009B7C4 /* ContentView.swift */ = {isa = PBXFileReference; lastKnownFileType = sourcecode.swift; path = ContentView.swift; sourceTree = "<group>"; };
		FF495579298805AB0009B7C4 /* Assets.xcassets */ = {isa = PBXFileReference; lastKnownFileType = folder.assetcatalog; path = Assets.xcassets; sourceTree = "<group>"; };
		FF49557C298805AB0009B7C4 /* Preview Assets.xcassets */ = {isa = PBXFileReference; lastKnownFileType = folder.assetcatalog; path = "Preview Assets.xcassets"; sourceTree = "<group>"; };
		FF4DA7B6298A68E800A3A92A /* RegistrationView.swift */ = {isa = PBXFileReference; lastKnownFileType = sourcecode.swift; path = RegistrationView.swift; sourceTree = "<group>"; };
		FF5FE97B2990E01100CD6DF2 /* AlignmentGuide+Center.swift */ = {isa = PBXFileReference; lastKnownFileType = sourcecode.swift; path = "AlignmentGuide+Center.swift"; sourceTree = "<group>"; };
		FF5FE97D2990E44F00CD6DF2 /* RestaurantCardInListModeView.swift */ = {isa = PBXFileReference; lastKnownFileType = sourcecode.swift; path = RestaurantCardInListModeView.swift; sourceTree = "<group>"; };
		FF5FE9802990E4CB00CD6DF2 /* RecentlyBookedView.swift */ = {isa = PBXFileReference; lastKnownFileType = sourcecode.swift; path = RecentlyBookedView.swift; sourceTree = "<group>"; };
		FF5FE9822991029800CD6DF2 /* RestaurantCardInGridModeView.swift */ = {isa = PBXFileReference; lastKnownFileType = sourcecode.swift; path = RestaurantCardInGridModeView.swift; sourceTree = "<group>"; };
		FF5FE9872991073900CD6DF2 /* ListOrGridMode.swift */ = {isa = PBXFileReference; lastKnownFileType = sourcecode.swift; path = ListOrGridMode.swift; sourceTree = "<group>"; };
		FF5FE98A29910B4000CD6DF2 /* RemoveFromBookmarkView.swift */ = {isa = PBXFileReference; lastKnownFileType = sourcecode.swift; path = RemoveFromBookmarkView.swift; sourceTree = "<group>"; };
		FF5FE98C2991184200CD6DF2 /* Color+Hex.swift */ = {isa = PBXFileReference; lastKnownFileType = sourcecode.swift; path = "Color+Hex.swift"; sourceTree = "<group>"; };
		FF5FE98E29912B9B00CD6DF2 /* Notification+Bookmark.swift */ = {isa = PBXFileReference; lastKnownFileType = sourcecode.swift; path = "Notification+Bookmark.swift"; sourceTree = "<group>"; };
		FFA4AD68298BBAC900F3A950 /* ImagePicker.swift */ = {isa = PBXFileReference; lastKnownFileType = sourcecode.swift; path = ImagePicker.swift; sourceTree = "<group>"; };
		FFA4AD6D298BCE8500F3A950 /* ProfileImageView.swift */ = {isa = PBXFileReference; lastKnownFileType = sourcecode.swift; path = ProfileImageView.swift; sourceTree = "<group>"; };
		FFA4AD6F298BCEBA00F3A950 /* DropDownGnederPickerView.swift */ = {isa = PBXFileReference; lastKnownFileType = sourcecode.swift; path = DropDownGnederPickerView.swift; sourceTree = "<group>"; };
		FFA4AD71298BD3B400F3A950 /* TakeImageService.swift */ = {isa = PBXFileReference; lastKnownFileType = sourcecode.swift; path = TakeImageService.swift; sourceTree = "<group>"; };
		FFA4AD76298BE4AC00F3A950 /* SignUpView.swift */ = {isa = PBXFileReference; lastKnownFileType = sourcecode.swift; path = SignUpView.swift; sourceTree = "<group>"; };
		FFA4AD79298BE5B800F3A950 /* CardLogoView.swift */ = {isa = PBXFileReference; lastKnownFileType = sourcecode.swift; path = CardLogoView.swift; sourceTree = "<group>"; };
		FFA4AD7C298BF4C600F3A950 /* ConfirmationPasswordField.swift */ = {isa = PBXFileReference; lastKnownFileType = sourcecode.swift; path = ConfirmationPasswordField.swift; sourceTree = "<group>"; };
		FFA4AD7F298BF51500F3A950 /* RegistrationField.swift */ = {isa = PBXFileReference; lastKnownFileType = sourcecode.swift; path = RegistrationField.swift; sourceTree = "<group>"; };
		FFA4AD82298C0A2E00F3A950 /* ForgotPasswordMainView.swift */ = {isa = PBXFileReference; lastKnownFileType = sourcecode.swift; path = ForgotPasswordMainView.swift; sourceTree = "<group>"; };
/* End PBXFileReference section */

/* Begin PBXFrameworksBuildPhase section */
		FF49556F298805A90009B7C4 /* Frameworks */ = {
			isa = PBXFrameworksBuildPhase;
			buildActionMask = 2147483647;
			files = (
			);
			runOnlyForDeploymentPostprocessing = 0;
		};
/* End PBXFrameworksBuildPhase section */

/* Begin PBXGroup section */
		FF3D667C2992275300FB35C1 /* Registration */ = {
			isa = PBXGroup;
			children = (
				FF418B53298998D400828CD3 /* SignInModule */,
				FFA4AD6A298BCE0800F3A950 /* RegistrationModule */,
				FFA4AD81298C0A0A00F3A950 /* ForgetPasswordModule */,
			);
			path = Registration;
			sourceTree = "<group>";
		};
		FF3D66832992399600FB35C1 /* CustomView */ = {
			isa = PBXGroup;
			children = (
				FF3D6684299239C300FB35C1 /* SearchResultsView.swift */,
			);
			path = CustomView;
			sourceTree = "<group>";
		};
		FF3F4F35298E281B00FD56A1 /* MainModule */ = {
			isa = PBXGroup;
			children = (
				FF5FE9892991074100CD6DF2 /* CustomView */,
				FF5FE97F2990E4A500CD6DF2 /* RecentrlyBookedModule */,
				FF3F4F44298E387800FD56A1 /* HomeModule */,
			);
			path = MainModule;
			sourceTree = "<group>";
		};
		FF3F4F38298E287C00FD56A1 /* Main */ = {
			isa = PBXGroup;
			children = (
				FF3F4F39298E28AD00FD56A1 /* MainView.swift */,
			);
			path = Main;
			sourceTree = "<group>";
		};
		FF3F4F3B298E28CE00FD56A1 /* SearchModule */ = {
			isa = PBXGroup;
			children = (
				FF3D66832992399600FB35C1 /* CustomView */,
				FF3F4F40298E294F00FD56A1 /* SearchView.swift */,
			);
			path = SearchModule;
			sourceTree = "<group>";
		};
		FF3F4F3C298E28E200FD56A1 /* BookingModule */ = {
			isa = PBXGroup;
			children = (
				FF3F4F42298E295900FD56A1 /* BookingView.swift */,
			);
			path = BookingModule;
			sourceTree = "<group>";
		};
		FF3F4F3D298E28ED00FD56A1 /* ProfileModule */ = {
			isa = PBXGroup;
			children = (
				FF3F4F3E298E293100FD56A1 /* ProfileView.swift */,
			);
			path = ProfileModule;
			sourceTree = "<group>";
		};
		FF3F4F44298E387800FD56A1 /* HomeModule */ = {
			isa = PBXGroup;
			children = (
				FF3F4F36298E282A00FD56A1 /* HomeView.swift */,
				FF5FE97D2990E44F00CD6DF2 /* RestaurantCardInListModeView.swift */,
				FF5FE9822991029800CD6DF2 /* RestaurantCardInGridModeView.swift */,
			);
			path = HomeModule;
			sourceTree = "<group>";
		};
		FF418B53298998D400828CD3 /* SignInModule */ = {
			isa = PBXGroup;
			children = (
				FFA4AD78298BE59E00F3A950 /* CustomView */,
				FF418B5429899AAE00828CD3 /* LogInView.swift */,
				FF418B5129898CC000828CD3 /* SignInView.swift */,
			);
			path = SignInModule;
			sourceTree = "<group>";
		};
		FF418B5A2989AFDC00828CD3 /* Extension */ = {
			isa = PBXGroup;
			children = (
				FF418B562989AC9000828CD3 /* Toggle-Checkbox.swift */,
				FF418B582989AF3300828CD3 /* CustomTextFieldWithWrapperAround.swift */,
				FF418B642989C20300828CD3 /* TextField-Secure.swift */,
				FF463F4E298AC824000A6723 /* String-PhoneNumber.swift */,
				FF5FE97B2990E01100CD6DF2 /* AlignmentGuide+Center.swift */,
				FF5FE98C2991184200CD6DF2 /* Color+Hex.swift */,
				FF5FE98E29912B9B00CD6DF2 /* Notification+Bookmark.swift */,
			);
			path = Extension;
			sourceTree = "<group>";
		};
		FF418B5F2989B11F00828CD3 /* Custom View */ = {
			isa = PBXGroup;
			children = (
				FF418B5D2989B0C800828CD3 /* PrimaryButton.swift */,
				FF418B602989B17F00828CD3 /* LineBreakerWithText.swift */,
				FF3D667D2992284B00FB35C1 /* SearchTextField.swift */,
				FF3D66812992298500FB35C1 /* CategoryCollectionView.swift */,
			);
			path = "Custom View";
			sourceTree = "<group>";
		};
		FF495569298805A90009B7C4 = {
			isa = PBXGroup;
			children = (
				FF495574298805A90009B7C4 /* Sarqyt */,
				FF495573298805A90009B7C4 /* Products */,
			);
			sourceTree = "<group>";
		};
		FF495573298805A90009B7C4 /* Products */ = {
			isa = PBXGroup;
			children = (
				FF495572298805A90009B7C4 /* Sarqyt.app */,
			);
			name = Products;
			sourceTree = "<group>";
		};
		FF495574298805A90009B7C4 /* Sarqyt */ = {
			isa = PBXGroup;
			children = (
				FF495575298805A90009B7C4 /* SarqytApp.swift */,
				FF495577298805A90009B7C4 /* ContentView.swift */,
				FF3F4F38298E287C00FD56A1 /* Main */,
				FF3F4F3B298E28CE00FD56A1 /* SearchModule */,
				FF3F4F3D298E28ED00FD56A1 /* ProfileModule */,
				FF3F4F3C298E28E200FD56A1 /* BookingModule */,
				FF3F4F35298E281B00FD56A1 /* MainModule */,
				FF3D667C2992275300FB35C1 /* Registration */,
				FF418B5A2989AFDC00828CD3 /* Extension */,
				FFA4AD7B298BE64F00F3A950 /* Service */,
				FF418B5F2989B11F00828CD3 /* Custom View */,
				FF495579298805AB0009B7C4 /* Assets.xcassets */,
				FF49557B298805AB0009B7C4 /* Preview Content */,
			);
			path = Sarqyt;
			sourceTree = "<group>";
		};
		FF49557B298805AB0009B7C4 /* Preview Content */ = {
			isa = PBXGroup;
			children = (
				FF49557C298805AB0009B7C4 /* Preview Assets.xcassets */,
			);
			path = "Preview Content";
			sourceTree = "<group>";
		};
		FF5FE97F2990E4A500CD6DF2 /* RecentrlyBookedModule */ = {
			isa = PBXGroup;
			children = (
				FF5FE9802990E4CB00CD6DF2 /* RecentlyBookedView.swift */,
				FF5FE98A29910B4000CD6DF2 /* RemoveFromBookmarkView.swift */,
			);
			path = RecentrlyBookedModule;
			sourceTree = "<group>";
		};
		FF5FE9892991074100CD6DF2 /* CustomView */ = {
			isa = PBXGroup;
			children = (
				FF5FE9872991073900CD6DF2 /* ListOrGridMode.swift */,
			);
			path = CustomView;
			sourceTree = "<group>";
		};
		FFA4AD67298BBA7500F3A950 /* PhotoService */ = {
			isa = PBXGroup;
			children = (
				FFA4AD68298BBAC900F3A950 /* ImagePicker.swift */,
				FFA4AD71298BD3B400F3A950 /* TakeImageService.swift */,
			);
			path = PhotoService;
			sourceTree = "<group>";
		};
		FFA4AD6A298BCE0800F3A950 /* RegistrationModule */ = {
			isa = PBXGroup;
			children = (
				FFA4AD7E298BF50100F3A950 /* Model */,
				FFA4AD6C298BCE3200F3A950 /* CustomView */,
				FFA4AD75298BE47F00F3A950 /* SignUpView */,
				FFA4AD6B298BCE2500F3A950 /* RegistrationView */,
			);
			path = RegistrationModule;
			sourceTree = "<group>";
		};
		FFA4AD6B298BCE2500F3A950 /* RegistrationView */ = {
			isa = PBXGroup;
			children = (
				FF4DA7B6298A68E800A3A92A /* RegistrationView.swift */,
			);
			path = RegistrationView;
			sourceTree = "<group>";
		};
		FFA4AD6C298BCE3200F3A950 /* CustomView */ = {
			isa = PBXGroup;
			children = (
				FF418B622989B9CD00828CD3 /* SecurePassword.swift */,
				FFA4AD7C298BF4C600F3A950 /* ConfirmationPasswordField.swift */,
				FF463F49298ABA8F000A6723 /* DatePickerView.swift */,
				FFA4AD6D298BCE8500F3A950 /* ProfileImageView.swift */,
				FFA4AD6F298BCEBA00F3A950 /* DropDownGnederPickerView.swift */,
			);
			path = CustomView;
			sourceTree = "<group>";
		};
		FFA4AD75298BE47F00F3A950 /* SignUpView */ = {
			isa = PBXGroup;
			children = (
				FFA4AD76298BE4AC00F3A950 /* SignUpView.swift */,
			);
			path = SignUpView;
			sourceTree = "<group>";
		};
		FFA4AD78298BE59E00F3A950 /* CustomView */ = {
			isa = PBXGroup;
			children = (
				FFA4AD79298BE5B800F3A950 /* CardLogoView.swift */,
			);
			path = CustomView;
			sourceTree = "<group>";
		};
		FFA4AD7B298BE64F00F3A950 /* Service */ = {
			isa = PBXGroup;
			children = (
				FFA4AD67298BBA7500F3A950 /* PhotoService */,
			);
			path = Service;
			sourceTree = "<group>";
		};
		FFA4AD7E298BF50100F3A950 /* Model */ = {
			isa = PBXGroup;
			children = (
				FFA4AD7F298BF51500F3A950 /* RegistrationField.swift */,
			);
			path = Model;
			sourceTree = "<group>";
		};
		FFA4AD81298C0A0A00F3A950 /* ForgetPasswordModule */ = {
			isa = PBXGroup;
			children = (
				FFA4AD82298C0A2E00F3A950 /* ForgotPasswordMainView.swift */,
				FF43C471298CE8DC00FCCC8C /* ForgotPasswordCodeVerificationView.swift */,
				FF43C473298D1A2400FCCC8C /* ChangePasswordView.swift */,
			);
			path = ForgetPasswordModule;
			sourceTree = "<group>";
		};
/* End PBXGroup section */

/* Begin PBXNativeTarget section */
		FF495571298805A90009B7C4 /* Sarqyt */ = {
			isa = PBXNativeTarget;
			buildConfigurationList = FF495580298805AB0009B7C4 /* Build configuration list for PBXNativeTarget "Sarqyt" */;
			buildPhases = (
				FF49556E298805A90009B7C4 /* Sources */,
				FF49556F298805A90009B7C4 /* Frameworks */,
				FF495570298805A90009B7C4 /* Resources */,
			);
			buildRules = (
			);
			dependencies = (
			);
			name = Sarqyt;
			packageProductDependencies = (
			);
			productName = Sarqyt;
			productReference = FF495572298805A90009B7C4 /* Sarqyt.app */;
			productType = "com.apple.product-type.application";
		};
/* End PBXNativeTarget section */

/* Begin PBXProject section */
		FF49556A298805A90009B7C4 /* Project object */ = {
			isa = PBXProject;
			attributes = {
				BuildIndependentTargetsInParallel = 1;
				LastSwiftUpdateCheck = 1340;
				LastUpgradeCheck = 1340;
				TargetAttributes = {
					FF495571298805A90009B7C4 = {
						CreatedOnToolsVersion = 13.4.1;
					};
				};
			};
			buildConfigurationList = FF49556D298805A90009B7C4 /* Build configuration list for PBXProject "Sarqyt" */;
			compatibilityVersion = "Xcode 13.0";
			developmentRegion = en;
			hasScannedForEncodings = 0;
			knownRegions = (
				en,
				Base,
			);
			mainGroup = FF495569298805A90009B7C4;
			packageReferences = (
			);
			productRefGroup = FF495573298805A90009B7C4 /* Products */;
			projectDirPath = "";
			projectRoot = "";
			targets = (
				FF495571298805A90009B7C4 /* Sarqyt */,
			);
		};
/* End PBXProject section */

/* Begin PBXResourcesBuildPhase section */
		FF495570298805A90009B7C4 /* Resources */ = {
			isa = PBXResourcesBuildPhase;
			buildActionMask = 2147483647;
			files = (
				FF49557D298805AB0009B7C4 /* Preview Assets.xcassets in Resources */,
				FF49557A298805AB0009B7C4 /* Assets.xcassets in Resources */,
			);
			runOnlyForDeploymentPostprocessing = 0;
		};
/* End PBXResourcesBuildPhase section */

/* Begin PBXSourcesBuildPhase section */
		FF49556E298805A90009B7C4 /* Sources */ = {
			isa = PBXSourcesBuildPhase;
			buildActionMask = 2147483647;
			files = (
				FF5FE9832991029800CD6DF2 /* RestaurantCardInGridModeView.swift in Sources */,
				FF4DA7B7298A68E800A3A92A /* RegistrationView.swift in Sources */,
				FF3F4F3F298E293100FD56A1 /* ProfileView.swift in Sources */,
				FF3F4F3A298E28AD00FD56A1 /* MainView.swift in Sources */,
				FF418B5229898CC000828CD3 /* SignInView.swift in Sources */,
				FF418B612989B17F00828CD3 /* LineBreakerWithText.swift in Sources */,
				FF3F4F37298E282A00FD56A1 /* HomeView.swift in Sources */,
				FFA4AD72298BD3B400F3A950 /* TakeImageService.swift in Sources */,
				FFA4AD69298BBAC900F3A950 /* ImagePicker.swift in Sources */,
				FF5FE9812990E4CB00CD6DF2 /* RecentlyBookedView.swift in Sources */,
				FF5FE9882991073900CD6DF2 /* ListOrGridMode.swift in Sources */,
				FFA4AD70298BCEBA00F3A950 /* DropDownGnederPickerView.swift in Sources */,
				FFA4AD7D298BF4C600F3A950 /* ConfirmationPasswordField.swift in Sources */,
				FF43C474298D1A2400FCCC8C /* ChangePasswordView.swift in Sources */,
				FFA4AD83298C0A2E00F3A950 /* ForgotPasswordMainView.swift in Sources */,
				FF43C472298CE8DC00FCCC8C /* ForgotPasswordCodeVerificationView.swift in Sources */,
				FF5FE97C2990E01100CD6DF2 /* AlignmentGuide+Center.swift in Sources */,
				FF3D66822992298500FB35C1 /* CategoryCollectionView.swift in Sources */,
				FF5FE98D2991184200CD6DF2 /* Color+Hex.swift in Sources */,
				FF495578298805A90009B7C4 /* ContentView.swift in Sources */,
				FF5FE98B29910B4000CD6DF2 /* RemoveFromBookmarkView.swift in Sources */,
				FF418B632989B9CD00828CD3 /* SecurePassword.swift in Sources */,
				FF5FE97E2990E44F00CD6DF2 /* RestaurantCardInListModeView.swift in Sources */,
				FF3F4F43298E295900FD56A1 /* BookingView.swift in Sources */,
				FF463F4F298AC824000A6723 /* String-PhoneNumber.swift in Sources */,
				FF418B572989AC9000828CD3 /* Toggle-Checkbox.swift in Sources */,
				FFA4AD80298BF51500F3A950 /* RegistrationField.swift in Sources */,
				FF5FE98F29912B9B00CD6DF2 /* Notification+Bookmark.swift in Sources */,
				FF463F4A298ABA8F000A6723 /* DatePickerView.swift in Sources */,
				FF418B592989AF3300828CD3 /* CustomTextFieldWithWrapperAround.swift in Sources */,
				FF3D667E2992284B00FB35C1 /* SearchTextField.swift in Sources */,
				FF418B652989C20300828CD3 /* TextField-Secure.swift in Sources */,
				FF418B5E2989B0C800828CD3 /* PrimaryButton.swift in Sources */,
				FFA4AD6E298BCE8500F3A950 /* ProfileImageView.swift in Sources */,
				FF418B5529899AAE00828CD3 /* LogInView.swift in Sources */,
				FF3F4F41298E294F00FD56A1 /* SearchView.swift in Sources */,
				FFA4AD77298BE4AC00F3A950 /* SignUpView.swift in Sources */,
				FF3D6685299239C300FB35C1 /* SearchResultsView.swift in Sources */,
				FF495576298805A90009B7C4 /* SarqytApp.swift in Sources */,
				FFA4AD7A298BE5B800F3A950 /* CardLogoView.swift in Sources */,
			);
			runOnlyForDeploymentPostprocessing = 0;
		};
/* End PBXSourcesBuildPhase section */

/* Begin XCBuildConfiguration section */
		FF49557E298805AB0009B7C4 /* Debug */ = {
			isa = XCBuildConfiguration;
			buildSettings = {
				ALWAYS_SEARCH_USER_PATHS = NO;
				CLANG_ANALYZER_NONNULL = YES;
				CLANG_ANALYZER_NUMBER_OBJECT_CONVERSION = YES_AGGRESSIVE;
				CLANG_CXX_LANGUAGE_STANDARD = "gnu++17";
				CLANG_ENABLE_MODULES = YES;
				CLANG_ENABLE_OBJC_ARC = YES;
				CLANG_ENABLE_OBJC_WEAK = YES;
				CLANG_WARN_BLOCK_CAPTURE_AUTORELEASING = YES;
				CLANG_WARN_BOOL_CONVERSION = YES;
				CLANG_WARN_COMMA = YES;
				CLANG_WARN_CONSTANT_CONVERSION = YES;
				CLANG_WARN_DEPRECATED_OBJC_IMPLEMENTATIONS = YES;
				CLANG_WARN_DIRECT_OBJC_ISA_USAGE = YES_ERROR;
				CLANG_WARN_DOCUMENTATION_COMMENTS = YES;
				CLANG_WARN_EMPTY_BODY = YES;
				CLANG_WARN_ENUM_CONVERSION = YES;
				CLANG_WARN_INFINITE_RECURSION = YES;
				CLANG_WARN_INT_CONVERSION = YES;
				CLANG_WARN_NON_LITERAL_NULL_CONVERSION = YES;
				CLANG_WARN_OBJC_IMPLICIT_RETAIN_SELF = YES;
				CLANG_WARN_OBJC_LITERAL_CONVERSION = YES;
				CLANG_WARN_OBJC_ROOT_CLASS = YES_ERROR;
				CLANG_WARN_QUOTED_INCLUDE_IN_FRAMEWORK_HEADER = YES;
				CLANG_WARN_RANGE_LOOP_ANALYSIS = YES;
				CLANG_WARN_STRICT_PROTOTYPES = YES;
				CLANG_WARN_SUSPICIOUS_MOVE = YES;
				CLANG_WARN_UNGUARDED_AVAILABILITY = YES_AGGRESSIVE;
				CLANG_WARN_UNREACHABLE_CODE = YES;
				CLANG_WARN__DUPLICATE_METHOD_MATCH = YES;
				COPY_PHASE_STRIP = NO;
				DEBUG_INFORMATION_FORMAT = dwarf;
				ENABLE_STRICT_OBJC_MSGSEND = YES;
				ENABLE_TESTABILITY = YES;
				GCC_C_LANGUAGE_STANDARD = gnu11;
				GCC_DYNAMIC_NO_PIC = NO;
				GCC_NO_COMMON_BLOCKS = YES;
				GCC_OPTIMIZATION_LEVEL = 0;
				GCC_PREPROCESSOR_DEFINITIONS = (
					"DEBUG=1",
					"$(inherited)",
				);
				GCC_WARN_64_TO_32_BIT_CONVERSION = YES;
				GCC_WARN_ABOUT_RETURN_TYPE = YES_ERROR;
				GCC_WARN_UNDECLARED_SELECTOR = YES;
				GCC_WARN_UNINITIALIZED_AUTOS = YES_AGGRESSIVE;
				GCC_WARN_UNUSED_FUNCTION = YES;
				GCC_WARN_UNUSED_VARIABLE = YES;
				IPHONEOS_DEPLOYMENT_TARGET = 15.5;
				MTL_ENABLE_DEBUG_INFO = INCLUDE_SOURCE;
				MTL_FAST_MATH = YES;
				ONLY_ACTIVE_ARCH = YES;
				SDKROOT = iphoneos;
				SWIFT_ACTIVE_COMPILATION_CONDITIONS = DEBUG;
				SWIFT_OPTIMIZATION_LEVEL = "-Onone";
			};
			name = Debug;
		};
		FF49557F298805AB0009B7C4 /* Release */ = {
			isa = XCBuildConfiguration;
			buildSettings = {
				ALWAYS_SEARCH_USER_PATHS = NO;
				CLANG_ANALYZER_NONNULL = YES;
				CLANG_ANALYZER_NUMBER_OBJECT_CONVERSION = YES_AGGRESSIVE;
				CLANG_CXX_LANGUAGE_STANDARD = "gnu++17";
				CLANG_ENABLE_MODULES = YES;
				CLANG_ENABLE_OBJC_ARC = YES;
				CLANG_ENABLE_OBJC_WEAK = YES;
				CLANG_WARN_BLOCK_CAPTURE_AUTORELEASING = YES;
				CLANG_WARN_BOOL_CONVERSION = YES;
				CLANG_WARN_COMMA = YES;
				CLANG_WARN_CONSTANT_CONVERSION = YES;
				CLANG_WARN_DEPRECATED_OBJC_IMPLEMENTATIONS = YES;
				CLANG_WARN_DIRECT_OBJC_ISA_USAGE = YES_ERROR;
				CLANG_WARN_DOCUMENTATION_COMMENTS = YES;
				CLANG_WARN_EMPTY_BODY = YES;
				CLANG_WARN_ENUM_CONVERSION = YES;
				CLANG_WARN_INFINITE_RECURSION = YES;
				CLANG_WARN_INT_CONVERSION = YES;
				CLANG_WARN_NON_LITERAL_NULL_CONVERSION = YES;
				CLANG_WARN_OBJC_IMPLICIT_RETAIN_SELF = YES;
				CLANG_WARN_OBJC_LITERAL_CONVERSION = YES;
				CLANG_WARN_OBJC_ROOT_CLASS = YES_ERROR;
				CLANG_WARN_QUOTED_INCLUDE_IN_FRAMEWORK_HEADER = YES;
				CLANG_WARN_RANGE_LOOP_ANALYSIS = YES;
				CLANG_WARN_STRICT_PROTOTYPES = YES;
				CLANG_WARN_SUSPICIOUS_MOVE = YES;
				CLANG_WARN_UNGUARDED_AVAILABILITY = YES_AGGRESSIVE;
				CLANG_WARN_UNREACHABLE_CODE = YES;
				CLANG_WARN__DUPLICATE_METHOD_MATCH = YES;
				COPY_PHASE_STRIP = NO;
				DEBUG_INFORMATION_FORMAT = "dwarf-with-dsym";
				ENABLE_NS_ASSERTIONS = NO;
				ENABLE_STRICT_OBJC_MSGSEND = YES;
				GCC_C_LANGUAGE_STANDARD = gnu11;
				GCC_NO_COMMON_BLOCKS = YES;
				GCC_WARN_64_TO_32_BIT_CONVERSION = YES;
				GCC_WARN_ABOUT_RETURN_TYPE = YES_ERROR;
				GCC_WARN_UNDECLARED_SELECTOR = YES;
				GCC_WARN_UNINITIALIZED_AUTOS = YES_AGGRESSIVE;
				GCC_WARN_UNUSED_FUNCTION = YES;
				GCC_WARN_UNUSED_VARIABLE = YES;
				IPHONEOS_DEPLOYMENT_TARGET = 15.5;
				MTL_ENABLE_DEBUG_INFO = NO;
				MTL_FAST_MATH = YES;
				SDKROOT = iphoneos;
				SWIFT_COMPILATION_MODE = wholemodule;
				SWIFT_OPTIMIZATION_LEVEL = "-O";
				VALIDATE_PRODUCT = YES;
			};
			name = Release;
		};
		FF495581298805AB0009B7C4 /* Debug */ = {
			isa = XCBuildConfiguration;
			buildSettings = {
				ASSETCATALOG_COMPILER_APPICON_NAME = AppIcon;
				ASSETCATALOG_COMPILER_GLOBAL_ACCENT_COLOR_NAME = AccentColor;
				CODE_SIGN_STYLE = Automatic;
				CURRENT_PROJECT_VERSION = 1;
				DEVELOPMENT_ASSET_PATHS = "\"Sarqyt/Preview Content\"";
				DEVELOPMENT_TEAM = 3RYA52PLG7;
				ENABLE_PREVIEWS = YES;
				GENERATE_INFOPLIST_FILE = YES;
				INFOPLIST_KEY_NSCameraUsageDescription = "Sarqyt needs access to your camera to take a profile picture.";
				INFOPLIST_KEY_NSPhotoLibraryUsageDescription = "Sarqyt needs access to your photo library to choose a profile picture.";
				INFOPLIST_KEY_UIApplicationSceneManifest_Generation = YES;
				INFOPLIST_KEY_UIApplicationSupportsIndirectInputEvents = YES;
				INFOPLIST_KEY_UILaunchScreen_Generation = YES;
				INFOPLIST_KEY_UISupportedInterfaceOrientations_iPad = "UIInterfaceOrientationPortrait UIInterfaceOrientationPortraitUpsideDown UIInterfaceOrientationLandscapeLeft UIInterfaceOrientationLandscapeRight";
				INFOPLIST_KEY_UISupportedInterfaceOrientations_iPhone = "UIInterfaceOrientationPortrait UIInterfaceOrientationLandscapeLeft UIInterfaceOrientationLandscapeRight";
				LD_RUNPATH_SEARCH_PATHS = (
					"$(inherited)",
					"@executable_path/Frameworks",
				);
				MARKETING_VERSION = 1.0;
				PRODUCT_BUNDLE_IDENTIFIER = com.benyam.Sarqyt;
				PRODUCT_NAME = "$(TARGET_NAME)";
				SWIFT_EMIT_LOC_STRINGS = YES;
				SWIFT_VERSION = 5.0;
				TARGETED_DEVICE_FAMILY = "1,2";
			};
			name = Debug;
		};
		FF495582298805AB0009B7C4 /* Release */ = {
			isa = XCBuildConfiguration;
			buildSettings = {
				ASSETCATALOG_COMPILER_APPICON_NAME = AppIcon;
				ASSETCATALOG_COMPILER_GLOBAL_ACCENT_COLOR_NAME = AccentColor;
				CODE_SIGN_STYLE = Automatic;
				CURRENT_PROJECT_VERSION = 1;
				DEVELOPMENT_ASSET_PATHS = "\"Sarqyt/Preview Content\"";
				DEVELOPMENT_TEAM = 3RYA52PLG7;
				ENABLE_PREVIEWS = YES;
				GENERATE_INFOPLIST_FILE = YES;
				INFOPLIST_KEY_NSCameraUsageDescription = "Sarqyt needs access to your camera to take a profile picture.";
				INFOPLIST_KEY_NSPhotoLibraryUsageDescription = "Sarqyt needs access to your photo library to choose a profile picture.";
				INFOPLIST_KEY_UIApplicationSceneManifest_Generation = YES;
				INFOPLIST_KEY_UIApplicationSupportsIndirectInputEvents = YES;
				INFOPLIST_KEY_UILaunchScreen_Generation = YES;
				INFOPLIST_KEY_UISupportedInterfaceOrientations_iPad = "UIInterfaceOrientationPortrait UIInterfaceOrientationPortraitUpsideDown UIInterfaceOrientationLandscapeLeft UIInterfaceOrientationLandscapeRight";
				INFOPLIST_KEY_UISupportedInterfaceOrientations_iPhone = "UIInterfaceOrientationPortrait UIInterfaceOrientationLandscapeLeft UIInterfaceOrientationLandscapeRight";
				LD_RUNPATH_SEARCH_PATHS = (
					"$(inherited)",
					"@executable_path/Frameworks",
				);
				MARKETING_VERSION = 1.0;
				PRODUCT_BUNDLE_IDENTIFIER = com.benyam.Sarqyt;
				PRODUCT_NAME = "$(TARGET_NAME)";
				SWIFT_EMIT_LOC_STRINGS = YES;
				SWIFT_VERSION = 5.0;
				TARGETED_DEVICE_FAMILY = "1,2";
			};
			name = Release;
		};
/* End XCBuildConfiguration section */

/* Begin XCConfigurationList section */
		FF49556D298805A90009B7C4 /* Build configuration list for PBXProject "Sarqyt" */ = {
			isa = XCConfigurationList;
			buildConfigurations = (
				FF49557E298805AB0009B7C4 /* Debug */,
				FF49557F298805AB0009B7C4 /* Release */,
			);
			defaultConfigurationIsVisible = 0;
			defaultConfigurationName = Release;
		};
		FF495580298805AB0009B7C4 /* Build configuration list for PBXNativeTarget "Sarqyt" */ = {
			isa = XCConfigurationList;
			buildConfigurations = (
				FF495581298805AB0009B7C4 /* Debug */,
				FF495582298805AB0009B7C4 /* Release */,
			);
			defaultConfigurationIsVisible = 0;
			defaultConfigurationName = Release;
		};
/* End XCConfigurationList section */
	};
	rootObject = FF49556A298805A90009B7C4 /* Project object */;
}
